// !$*UTF8*$!
{
	archiveVersion = 1;
	classes = {
	};
	objectVersion = 55;
	objects = {

/* Begin PBXBuildFile section */
		A6582448295C37C2001DF012 /* ChellengeApp.swift in Sources */ = {isa = PBXBuildFile; fileRef = A6582447295C37C2001DF012 /* ChellengeApp.swift */; };
		A658244A295C37C2001DF012 /* ContentView.swift in Sources */ = {isa = PBXBuildFile; fileRef = A6582449295C37C2001DF012 /* ContentView.swift */; };
		A658244C295C37C6001DF012 /* Assets.xcassets in Resources */ = {isa = PBXBuildFile; fileRef = A658244B295C37C6001DF012 /* Assets.xcassets */; };
		A658244F295C37C6001DF012 /* Preview Assets.xcassets in Resources */ = {isa = PBXBuildFile; fileRef = A658244E295C37C6001DF012 /* Preview Assets.xcassets */; };
		A6582459295C37C7001DF012 /* ChellengeTests.swift in Sources */ = {isa = PBXBuildFile; fileRef = A6582458295C37C7001DF012 /* ChellengeTests.swift */; };
		A6582463295C37C7001DF012 /* ChellengeUITests.swift in Sources */ = {isa = PBXBuildFile; fileRef = A6582462295C37C7001DF012 /* ChellengeUITests.swift */; };
		A6582465295C37C7001DF012 /* ChellengeUITestsLaunchTests.swift in Sources */ = {isa = PBXBuildFile; fileRef = A6582464295C37C7001DF012 /* ChellengeUITestsLaunchTests.swift */; };
/* End PBXBuildFile section */

/* Begin PBXContainerItemProxy section */
		A6582455295C37C7001DF012 /* PBXContainerItemProxy */ = {
			isa = PBXContainerItemProxy;
			containerPortal = A658243C295C37C2001DF012 /* Project object */;
			proxyType = 1;
			remoteGlobalIDString = A6582443295C37C2001DF012;
			remoteInfo = Chellenge;
		};
		A658245F295C37C7001DF012 /* PBXContainerItemProxy */ = {
			isa = PBXContainerItemProxy;
			containerPortal = A658243C295C37C2001DF012 /* Project object */;
			proxyType = 1;
			remoteGlobalIDString = A6582443295C37C2001DF012;
			remoteInfo = Chellenge;
		};
/* End PBXContainerItemProxy section */

/* Begin PBXFileReference section */
		A6582444295C37C2001DF012 /* Chellenge.app */ = {isa = PBXFileReference; explicitFileType = wrapper.application; includeInIndex = 0; path = Chellenge.app; sourceTree = BUILT_PRODUCTS_DIR; };
		A6582447295C37C2001DF012 /* ChellengeApp.swift */ = {isa = PBXFileReference; lastKnownFileType = sourcecode.swift; path = ChellengeApp.swift; sourceTree = "<group>"; };
		A6582449295C37C2001DF012 /* ContentView.swift */ = {isa = PBXFileReference; lastKnownFileType = sourcecode.swift; path = ContentView.swift; sourceTree = "<group>"; };
		A658244B295C37C6001DF012 /* Assets.xcassets */ = {isa = PBXFileReference; lastKnownFileType = folder.assetcatalog; path = Assets.xcassets; sourceTree = "<group>"; };
		A658244E295C37C6001DF012 /* Preview Assets.xcassets */ = {isa = PBXFileReference; lastKnownFileType = folder.assetcatalog; path = "Preview Assets.xcassets"; sourceTree = "<group>"; };
		A6582454295C37C7001DF012 /* ChellengeTests.xctest */ = {isa = PBXFileReference; explicitFileType = wrapper.cfbundle; includeInIndex = 0; path = ChellengeTests.xctest; sourceTree = BUILT_PRODUCTS_DIR; };
		A6582458295C37C7001DF012 /* ChellengeTests.swift */ = {isa = PBXFileReference; lastKnownFileType = sourcecode.swift; path = ChellengeTests.swift; sourceTree = "<group>"; };
		A658245E295C37C7001DF012 /* ChellengeUITests.xctest */ = {isa = PBXFileReference; explicitFileType = wrapper.cfbundle; includeInIndex = 0; path = ChellengeUITests.xctest; sourceTree = BUILT_PRODUCTS_DIR; };
		A6582462295C37C7001DF012 /* ChellengeUITests.swift */ = {isa = PBXFileReference; lastKnownFileType = sourcecode.swift; path = ChellengeUITests.swift; sourceTree = "<group>"; };
		A6582464295C37C7001DF012 /* ChellengeUITestsLaunchTests.swift */ = {isa = PBXFileReference; lastKnownFileType = sourcecode.swift; path = ChellengeUITestsLaunchTests.swift; sourceTree = "<group>"; };
/* End PBXFileReference section */

/* Begin PBXFrameworksBuildPhase section */
		A6582441295C37C2001DF012 /* Frameworks */ = {
			isa = PBXFrameworksBuildPhase;
			buildActionMask = 2147483647;
			files = (
			);
			runOnlyForDeploymentPostprocessing = 0;
		};
		A6582451295C37C7001DF012 /* Frameworks */ = {
			isa = PBXFrameworksBuildPhase;
			buildActionMask = 2147483647;
			files = (
			);
			runOnlyForDeploymentPostprocessing = 0;
		};
		A658245B295C37C7001DF012 /* Frameworks */ = {
			isa = PBXFrameworksBuildPhase;
			buildActionMask = 2147483647;
			files = (
			);
			runOnlyForDeploymentPostprocessing = 0;
		};
/* End PBXFrameworksBuildPhase section */

/* Begin PBXGroup section */
		A658243B295C37C2001DF012 = {
			isa = PBXGroup;
			children = (
				A6582446295C37C2001DF012 /* Chellenge */,
				A6582457295C37C7001DF012 /* ChellengeTests */,
				A6582461295C37C7001DF012 /* ChellengeUITests */,
				A6582445295C37C2001DF012 /* Products */,
			);
			sourceTree = "<group>";
		};
		A6582445295C37C2001DF012 /* Products */ = {
			isa = PBXGroup;
			children = (
				A6582444295C37C2001DF012 /* Chellenge.app */,
				A6582454295C37C7001DF012 /* ChellengeTests.xctest */,
				A658245E295C37C7001DF012 /* ChellengeUITests.xctest */,
			);
			name = Products;
			sourceTree = "<group>";
		};
		A6582446295C37C2001DF012 /* Chellenge */ = {
			isa = PBXGroup;
			children = (
				A6582447295C37C2001DF012 /* ChellengeApp.swift */,
				A6582449295C37C2001DF012 /* ContentView.swift */,
				A658244B295C37C6001DF012 /* Assets.xcassets */,
				A658244D295C37C6001DF012 /* Preview Content */,
			);
			path = Chellenge;
			sourceTree = "<group>";
		};
		A658244D295C37C6001DF012 /* Preview Content */ = {
			isa = PBXGroup;
			children = (
				A658244E295C37C6001DF012 /* Preview Assets.xcassets */,
			);
			path = "Preview Content";
			sourceTree = "<group>";
		};
		A6582457295C37C7001DF012 /* ChellengeTests */ = {
			isa = PBXGroup;
			children = (
				A6582458295C37C7001DF012 /* ChellengeTests.swift */,
			);
			path = ChellengeTests;
			sourceTree = "<group>";
		};
		A6582461295C37C7001DF012 /* ChellengeUITests */ = {
			isa = PBXGroup;
			children = (
				A6582462295C37C7001DF012 /* ChellengeUITests.swift */,
				A6582464295C37C7001DF012 /* ChellengeUITestsLaunchTests.swift */,
			);
			path = ChellengeUITests;
			sourceTree = "<group>";
		};
/* End PBXGroup section */

/* Begin PBXNativeTarget section */
		A6582443295C37C2001DF012 /* Chellenge */ = {
			isa = PBXNativeTarget;
			buildConfigurationList = A6582468295C37C7001DF012 /* Build configuration list for PBXNativeTarget "Chellenge" */;
			buildPhases = (
				A6582440295C37C2001DF012 /* Sources */,
				A6582441295C37C2001DF012 /* Frameworks */,
				A6582442295C37C2001DF012 /* Resources */,
			);
			buildRules = (
			);
			dependencies = (
			);
			name = Chellenge;
			productName = Chellenge;
			productReference = A6582444295C37C2001DF012 /* Chellenge.app */;
			productType = "com.apple.product-type.application";
		};
		A6582453295C37C7001DF012 /* ChellengeTests */ = {
			isa = PBXNativeTarget;
			buildConfigurationList = A658246B295C37C7001DF012 /* Build configuration list for PBXNativeTarget "ChellengeTests" */;
			buildPhases = (
				A6582450295C37C7001DF012 /* Sources */,
				A6582451295C37C7001DF012 /* Frameworks */,
				A6582452295C37C7001DF012 /* Resources */,
			);
			buildRules = (
			);
			dependencies = (
				A6582456295C37C7001DF012 /* PBXTargetDependency */,
			);
			name = ChellengeTests;
			productName = ChellengeTests;
			productReference = A6582454295C37C7001DF012 /* ChellengeTests.xctest */;
			productType = "com.apple.product-type.bundle.unit-test";
		};
		A658245D295C37C7001DF012 /* ChellengeUITests */ = {
			isa = PBXNativeTarget;
			buildConfigurationList = A658246E295C37C7001DF012 /* Build configuration list for PBXNativeTarget "ChellengeUITests" */;
			buildPhases = (
				A658245A295C37C7001DF012 /* Sources */,
				A658245B295C37C7001DF012 /* Frameworks */,
				A658245C295C37C7001DF012 /* Resources */,
			);
			buildRules = (
			);
			dependencies = (
				A6582460295C37C7001DF012 /* PBXTargetDependency */,
			);
			name = ChellengeUITests;
			productName = ChellengeUITests;
			productReference = A658245E295C37C7001DF012 /* ChellengeUITests.xctest */;
			productType = "com.apple.product-type.bundle.ui-testing";
		};
/* End PBXNativeTarget section */

/* Begin PBXProject section */
		A658243C295C37C2001DF012 /* Project object */ = {
			isa = PBXProject;
			attributes = {
				BuildIndependentTargetsInParallel = 1;
				LastSwiftUpdateCheck = 1320;
				LastUpgradeCheck = 1320;
				TargetAttributes = {
					A6582443295C37C2001DF012 = {
						CreatedOnToolsVersion = 13.2.1;
					};
					A6582453295C37C7001DF012 = {
						CreatedOnToolsVersion = 13.2.1;
						TestTargetID = A6582443295C37C2001DF012;
					};
					A658245D295C37C7001DF012 = {
						CreatedOnToolsVersion = 13.2.1;
						TestTargetID = A6582443295C37C2001DF012;
					};
				};
			};
			buildConfigurationList = A658243F295C37C2001DF012 /* Build configuration list for PBXProject "Chellenge" */;
			compatibilityVersion = "Xcode 13.0";
			developmentRegion = en;
			hasScannedForEncodings = 0;
			knownRegions = (
				en,
				Base,
			);
			mainGroup = A658243B295C37C2001DF012;
			productRefGroup = A6582445295C37C2001DF012 /* Products */;
			projectDirPath = "";
			projectRoot = "";
			targets = (
				A6582443295C37C2001DF012 /* Chellenge */,
				A6582453295C37C7001DF012 /* ChellengeTests */,
				A658245D295C37C7001DF012 /* ChellengeUITests */,
			);
		};
/* End PBXProject section */

/* Begin PBXResourcesBuildPhase section */
		A6582442295C37C2001DF012 /* Resources */ = {
			isa = PBXResourcesBuildPhase;
			buildActionMask = 2147483647;
			files = (
				A658244F295C37C6001DF012 /* Preview Assets.xcassets in Resources */,
				A658244C295C37C6001DF012 /* Assets.xcassets in Resources */,
			);
			runOnlyForDeploymentPostprocessing = 0;
		};
		A6582452295C37C7001DF012 /* Resources */ = {
			isa = PBXResourcesBuildPhase;
			buildActionMask = 2147483647;
			files = (
			);
			runOnlyForDeploymentPostprocessing = 0;
		};
		A658245C295C37C7001DF012 /* Resources */ = {
			isa = PBXResourcesBuildPhase;
			buildActionMask = 2147483647;
			files = (
			);
			runOnlyForDeploymentPostprocessing = 0;
		};
/* End PBXResourcesBuildPhase section */

/* Begin PBXSourcesBuildPhase section */
		A6582440295C37C2001DF012 /* Sources */ = {
			isa = PBXSourcesBuildPhase;
			buildActionMask = 2147483647;
			files = (
				A658244A295C37C2001DF012 /* ContentView.swift in Sources */,
				A6582448295C37C2001DF012 /* ChellengeApp.swift in Sources */,
			);
			runOnlyForDeploymentPostprocessing = 0;
		};
		A6582450295C37C7001DF012 /* Sources */ = {
			isa = PBXSourcesBuildPhase;
			buildActionMask = 2147483647;
			files = (
				A6582459295C37C7001DF012 /* ChellengeTests.swift in Sources */,
			);
			runOnlyForDeploymentPostprocessing = 0;
		};
		A658245A295C37C7001DF012 /* Sources */ = {
			isa = PBXSourcesBuildPhase;
			buildActionMask = 2147483647;
			files = (
				A6582465295C37C7001DF012 /* ChellengeUITestsLaunchTests.swift in Sources */,
				A6582463295C37C7001DF012 /* ChellengeUITests.swift in Sources */,
			);
			runOnlyForDeploymentPostprocessing = 0;
		};
/* End PBXSourcesBuildPhase section */

/* Begin PBXTargetDependency section */
		A6582456295C37C7001DF012 /* PBXTargetDependency */ = {
			isa = PBXTargetDependency;
			target = A6582443295C37C2001DF012 /* Chellenge */;
			targetProxy = A6582455295C37C7001DF012 /* PBXContainerItemProxy */;
		};
		A6582460295C37C7001DF012 /* PBXTargetDependency */ = {
			isa = PBXTargetDependency;
			target = A6582443295C37C2001DF012 /* Chellenge */;
			targetProxy = A658245F295C37C7001DF012 /* PBXContainerItemProxy */;
		};
/* End PBXTargetDependency section */

/* Begin XCBuildConfiguration section */
		A6582466295C37C7001DF012 /* Debug */ = {
			isa = XCBuildConfiguration;
			buildSettings = {
				ALWAYS_SEARCH_USER_PATHS = NO;
				CLANG_ANALYZER_NONNULL = YES;
				CLANG_ANALYZER_NUMBER_OBJECT_CONVERSION = YES_AGGRESSIVE;
				CLANG_CXX_LANGUAGE_STANDARD = "gnu++17";
				CLANG_CXX_LIBRARY = "libc++";
				CLANG_ENABLE_MODULES = YES;
				CLANG_ENABLE_OBJC_ARC = YES;
				CLANG_ENABLE_OBJC_WEAK = YES;
				CLANG_WARN_BLOCK_CAPTURE_AUTORELEASING = YES;
				CLANG_WARN_BOOL_CONVERSION = YES;
				CLANG_WARN_COMMA = YES;
				CLANG_WARN_CONSTANT_CONVERSION = YES;
				CLANG_WARN_DEPRECATED_OBJC_IMPLEMENTATIONS = YES;
				CLANG_WARN_DIRECT_OBJC_ISA_USAGE = YES_ERROR;
				CLANG_WARN_DOCUMENTATION_COMMENTS = YES;
				CLANG_WARN_EMPTY_BODY = YES;
				CLANG_WARN_ENUM_CONVERSION = YES;
				CLANG_WARN_INFINITE_RECURSION = YES;
				CLANG_WARN_INT_CONVERSION = YES;
				CLANG_WARN_NON_LITERAL_NULL_CONVERSION = YES;
				CLANG_WARN_OBJC_IMPLICIT_RETAIN_SELF = YES;
				CLANG_WARN_OBJC_LITERAL_CONVERSION = YES;
				CLANG_WARN_OBJC_ROOT_CLASS = YES_ERROR;
				CLANG_WARN_QUOTED_INCLUDE_IN_FRAMEWORK_HEADER = YES;
				CLANG_WARN_RANGE_LOOP_ANALYSIS = YES;
				CLANG_WARN_STRICT_PROTOTYPES = YES;
				CLANG_WARN_SUSPICIOUS_MOVE = YES;
				CLANG_WARN_UNGUARDED_AVAILABILITY = YES_AGGRESSIVE;
				CLANG_WARN_UNREACHABLE_CODE = YES;
				CLANG_WARN__DUPLICATE_METHOD_MATCH = YES;
				COPY_PHASE_STRIP = NO;
				DEBUG_INFORMATION_FORMAT = dwarf;
				ENABLE_STRICT_OBJC_MSGSEND = YES;
				ENABLE_TESTABILITY = YES;
				GCC_C_LANGUAGE_STANDARD = gnu11;
				GCC_DYNAMIC_NO_PIC = NO;
				GCC_NO_COMMON_BLOCKS = YES;
				GCC_OPTIMIZATION_LEVEL = 0;
				GCC_PREPROCESSOR_DEFINITIONS = (
					"DEBUG=1",
					"$(inherited)",
				);
				GCC_WARN_64_TO_32_BIT_CONVERSION = YES;
				GCC_WARN_ABOUT_RETURN_TYPE = YES_ERROR;
				GCC_WARN_UNDECLARED_SELECTOR = YES;
				GCC_WARN_UNINITIALIZED_AUTOS = YES_AGGRESSIVE;
				GCC_WARN_UNUSED_FUNCTION = YES;
				GCC_WARN_UNUSED_VARIABLE = YES;
				IPHONEOS_DEPLOYMENT_TARGET = 15.2;
				MTL_ENABLE_DEBUG_INFO = INCLUDE_SOURCE;
				MTL_FAST_MATH = YES;
				ONLY_ACTIVE_ARCH = YES;
				SDKROOT = iphoneos;
				SWIFT_ACTIVE_COMPILATION_CONDITIONS = DEBUG;
				SWIFT_OPTIMIZATION_LEVEL = "-Onone";
			};
			name = Debug;
		};
		A6582467295C37C7001DF012 /* Release */ = {
			isa = XCBuildConfiguration;
			buildSettings = {
				ALWAYS_SEARCH_USER_PATHS = NO;
				CLANG_ANALYZER_NONNULL = YES;
				CLANG_ANALYZER_NUMBER_OBJECT_CONVERSION = YES_AGGRESSIVE;
				CLANG_CXX_LANGUAGE_STANDARD = "gnu++17";
				CLANG_CXX_LIBRARY = "libc++";
				CLANG_ENABLE_MODULES = YES;
				CLANG_ENABLE_OBJC_ARC = YES;
				CLANG_ENABLE_OBJC_WEAK = YES;
				CLANG_WARN_BLOCK_CAPTURE_AUTORELEASING = YES;
				CLANG_WARN_BOOL_CONVERSION = YES;
				CLANG_WARN_COMMA = YES;
				CLANG_WARN_CONSTANT_CONVERSION = YES;
				CLANG_WARN_DEPRECATED_OBJC_IMPLEMENTATIONS = YES;
				CLANG_WARN_DIRECT_OBJC_ISA_USAGE = YES_ERROR;
				CLANG_WARN_DOCUMENTATION_COMMENTS = YES;
				CLANG_WARN_EMPTY_BODY = YES;
				CLANG_WARN_ENUM_CONVERSION = YES;
				CLANG_WARN_INFINITE_RECURSION = YES;
				CLANG_WARN_INT_CONVERSION = YES;
				CLANG_WARN_NON_LITERAL_NULL_CONVERSION = YES;
				CLANG_WARN_OBJC_IMPLICIT_RETAIN_SELF = YES;
				CLANG_WARN_OBJC_LITERAL_CONVERSION = YES;
				CLANG_WARN_OBJC_ROOT_CLASS = YES_ERROR;
				CLANG_WARN_QUOTED_INCLUDE_IN_FRAMEWORK_HEADER = YES;
				CLANG_WARN_RANGE_LOOP_ANALYSIS = YES;
				CLANG_WARN_STRICT_PROTOTYPES = YES;
				CLANG_WARN_SUSPICIOUS_MOVE = YES;
				CLANG_WARN_UNGUARDED_AVAILABILITY = YES_AGGRESSIVE;
				CLANG_WARN_UNREACHABLE_CODE = YES;
				CLANG_WARN__DUPLICATE_METHOD_MATCH = YES;
				COPY_PHASE_STRIP = NO;
				DEBUG_INFORMATION_FORMAT = "dwarf-with-dsym";
				ENABLE_NS_ASSERTIONS = NO;
				ENABLE_STRICT_OBJC_MSGSEND = YES;
				GCC_C_LANGUAGE_STANDARD = gnu11;
				GCC_NO_COMMON_BLOCKS = YES;
				GCC_WARN_64_TO_32_BIT_CONVERSION = YES;
				GCC_WARN_ABOUT_RETURN_TYPE = YES_ERROR;
				GCC_WARN_UNDECLARED_SELECTOR = YES;
				GCC_WARN_UNINITIALIZED_AUTOS = YES_AGGRESSIVE;
				GCC_WARN_UNUSED_FUNCTION = YES;
				GCC_WARN_UNUSED_VARIABLE = YES;
				IPHONEOS_DEPLOYMENT_TARGET = 15.2;
				MTL_ENABLE_DEBUG_INFO = NO;
				MTL_FAST_MATH = YES;
				SDKROOT = iphoneos;
				SWIFT_COMPILATION_MODE = wholemodule;
				SWIFT_OPTIMIZATION_LEVEL = "-O";
				VALIDATE_PRODUCT = YES;
			};
			name = Release;
		};
		A6582469295C37C7001DF012 /* Debug */ = {
			isa = XCBuildConfiguration;
			buildSettings = {
				ASSETCATALOG_COMPILER_APPICON_NAME = AppIcon;
				ASSETCATALOG_COMPILER_GLOBAL_ACCENT_COLOR_NAME = AccentColor;
				CODE_SIGN_STYLE = Automatic;
				CURRENT_PROJECT_VERSION = 1;
				DEVELOPMENT_ASSET_PATHS = "\"Chellenge/Preview Content\"";
				ENABLE_PREVIEWS = YES;
				GENERATE_INFOPLIST_FILE = YES;
				INFOPLIST_KEY_UIApplicationSceneManifest_Generation = YES;
				INFOPLIST_KEY_UIApplicationSupportsIndirectInputEvents = YES;
				INFOPLIST_KEY_UILaunchScreen_Generation = YES;
				INFOPLIST_KEY_UISupportedInterfaceOrientations_iPad = "UIInterfaceOrientationPortrait UIInterfaceOrientationPortraitUpsideDown UIInterfaceOrientationLandscapeLeft UIInterfaceOrientationLandscapeRight";
				INFOPLIST_KEY_UISupportedInterfaceOrientations_iPhone = "UIInterfaceOrientationPortrait UIInterfaceOrientationLandscapeLeft UIInterfaceOrientationLandscapeRight";
				LD_RUNPATH_SEARCH_PATHS = (
					"$(inherited)",
					"@executable_path/Frameworks",
				);
				MARKETING_VERSION = 1.0;
				PRODUCT_BUNDLE_IDENTIFIER = Semikss.Chellenge;
				PRODUCT_NAME = "$(TARGET_NAME)";
				SWIFT_EMIT_LOC_STRINGS = YES;
				SWIFT_VERSION = 5.0;
				TARGETED_DEVICE_FAMILY = "1,2";
			};
			name = Debug;
		};
		A658246A295C37C7001DF012 /* Release */ = {
			isa = XCBuildConfiguration;
			buildSettings = {
				ASSETCATALOG_COMPILER_APPICON_NAME = AppIcon;
				ASSETCATALOG_COMPILER_GLOBAL_ACCENT_COLOR_NAME = AccentColor;
				CODE_SIGN_STYLE = Automatic;
				CURRENT_PROJECT_VERSION = 1;
				DEVELOPMENT_ASSET_PATHS = "\"Chellenge/Preview Content\"";
				ENABLE_PREVIEWS = YES;
				GENERATE_INFOPLIST_FILE = YES;
				INFOPLIST_KEY_UIApplicationSceneManifest_Generation = YES;
				INFOPLIST_KEY_UIApplicationSupportsIndirectInputEvents = YES;
				INFOPLIST_KEY_UILaunchScreen_Generation = YES;
				INFOPLIST_KEY_UISupportedInterfaceOrientations_iPad = "UIInterfaceOrientationPortrait UIInterfaceOrientationPortraitUpsideDown UIInterfaceOrientationLandscapeLeft UIInterfaceOrientationLandscapeRight";
				INFOPLIST_KEY_UISupportedInterfaceOrientations_iPhone = "UIInterfaceOrientationPortrait UIInterfaceOrientationLandscapeLeft UIInterfaceOrientationLandscapeRight";
				LD_RUNPATH_SEARCH_PATHS = (
					"$(inherited)",
					"@executable_path/Frameworks",
				);
				MARKETING_VERSION = 1.0;
				PRODUCT_BUNDLE_IDENTIFIER = Semikss.Chellenge;
				PRODUCT_NAME = "$(TARGET_NAME)";
				SWIFT_EMIT_LOC_STRINGS = YES;
				SWIFT_VERSION = 5.0;
				TARGETED_DEVICE_FAMILY = "1,2";
			};
			name = Release;
		};
		A658246C295C37C7001DF012 /* Debug */ = {
			isa = XCBuildConfiguration;
			buildSettings = {
				ALWAYS_EMBED_SWIFT_STANDARD_LIBRARIES = YES;
				BUNDLE_LOADER = "$(TEST_HOST)";
				CODE_SIGN_STYLE = Automatic;
				CURRENT_PROJECT_VERSION = 1;
				GENERATE_INFOPLIST_FILE = YES;
				IPHONEOS_DEPLOYMENT_TARGET = 15.2;
				MARKETING_VERSION = 1.0;
				PRODUCT_BUNDLE_IDENTIFIER = Semikss.ChellengeTests;
				PRODUCT_NAME = "$(TARGET_NAME)";
				SWIFT_EMIT_LOC_STRINGS = NO;
				SWIFT_VERSION = 5.0;
				TARGETED_DEVICE_FAMILY = "1,2";
				TEST_HOST = "$(BUILT_PRODUCTS_DIR)/Chellenge.app/Chellenge";
			};
			name = Debug;
		};
		A658246D295C37C7001DF012 /* Release */ = {
			isa = XCBuildConfiguration;
			buildSettings = {
				ALWAYS_EMBED_SWIFT_STANDARD_LIBRARIES = YES;
				BUNDLE_LOADER = "$(TEST_HOST)";
				CODE_SIGN_STYLE = Automatic;
				CURRENT_PROJECT_VERSION = 1;
				GENERATE_INFOPLIST_FILE = YES;
				IPHONEOS_DEPLOYMENT_TARGET = 15.2;
				MARKETING_VERSION = 1.0;
				PRODUCT_BUNDLE_IDENTIFIER = Semikss.ChellengeTests;
				PRODUCT_NAME = "$(TARGET_NAME)";
				SWIFT_EMIT_LOC_STRINGS = NO;
				SWIFT_VERSION = 5.0;
				TARGETED_DEVICE_FAMILY = "1,2";
				TEST_HOST = "$(BUILT_PRODUCTS_DIR)/Chellenge.app/Chellenge";
			};
			name = Release;
		};
		A658246F295C37C7001DF012 /* Debug */ = {
			isa = XCBuildConfiguration;
			buildSettings = {
				ALWAYS_EMBED_SWIFT_STANDARD_LIBRARIES = YES;
				CODE_SIGN_STYLE = Automatic;
				CURRENT_PROJECT_VERSION = 1;
				GENERATE_INFOPLIST_FILE = YES;
				MARKETING_VERSION = 1.0;
				PRODUCT_BUNDLE_IDENTIFIER = Semikss.ChellengeUITests;
				PRODUCT_NAME = "$(TARGET_NAME)";
				SWIFT_EMIT_LOC_STRINGS = NO;
				SWIFT_VERSION = 5.0;
				TARGETED_DEVICE_FAMILY = "1,2";
				TEST_TARGET_NAME = Chellenge;
			};
			name = Debug;
		};
		A6582470295C37C7001DF012 /* Release */ = {
			isa = XCBuildConfiguration;
			buildSettings = {
				ALWAYS_EMBED_SWIFT_STANDARD_LIBRARIES = YES;
				CODE_SIGN_STYLE = Automatic;
				CURRENT_PROJECT_VERSION = 1;
				GENERATE_INFOPLIST_FILE = YES;
				MARKETING_VERSION = 1.0;
				PRODUCT_BUNDLE_IDENTIFIER = Semikss.ChellengeUITests;
				PRODUCT_NAME = "$(TARGET_NAME)";
				SWIFT_EMIT_LOC_STRINGS = NO;
				SWIFT_VERSION = 5.0;
				TARGETED_DEVICE_FAMILY = "1,2";
				TEST_TARGET_NAME = Chellenge;
			};
			name = Release;
		};
/* End XCBuildConfiguration section */

/* Begin XCConfigurationList section */
		A658243F295C37C2001DF012 /* Build configuration list for PBXProject "Chellenge" */ = {
			isa = XCConfigurationList;
			buildConfigurations = (
				A6582466295C37C7001DF012 /* Debug */,
				A6582467295C37C7001DF012 /* Release */,
			);
			defaultConfigurationIsVisible = 0;
			defaultConfigurationName = Release;
		};
		A6582468295C37C7001DF012 /* Build configuration list for PBXNativeTarget "Chellenge" */ = {
			isa = XCConfigurationList;
			buildConfigurations = (
				A6582469295C37C7001DF012 /* Debug */,
				A658246A295C37C7001DF012 /* Release */,
			);
			defaultConfigurationIsVisible = 0;
			defaultConfigurationName = Release;
		};
		A658246B295C37C7001DF012 /* Build configuration list for PBXNativeTarget "ChellengeTests" */ = {
			isa = XCConfigurationList;
			buildConfigurations = (
				A658246C295C37C7001DF012 /* Debug */,
				A658246D295C37C7001DF012 /* Release */,
			);
			defaultConfigurationIsVisible = 0;
			defaultConfigurationName = Release;
		};
		A658246E295C37C7001DF012 /* Build configuration list for PBXNativeTarget "ChellengeUITests" */ = {
			isa = XCConfigurationList;
			buildConfigurations = (
				A658246F295C37C7001DF012 /* Debug */,
				A6582470295C37C7001DF012 /* Release */,
			);
			defaultConfigurationIsVisible = 0;
			defaultConfigurationName = Release;
		};
/* End XCConfigurationList section */
	};
	rootObject = A658243C295C37C2001DF012 /* Project object */;
}
