// !$*UTF8*$!
{
	archiveVersion = 1;
	classes = {
	};
	objectVersion = 55;
	objects = {

/* Begin PBXBuildFile section */
		25C799F31FE46A88588D72E6 /* Pods_WeatherUIKit_WeatherUIKitUITests.framework in Frameworks */ = {isa = PBXBuildFile; fileRef = 1A477FF21EB5633CAA834D9B /* Pods_WeatherUIKit_WeatherUIKitUITests.framework */; };
		2E06D426FD2B354368D1BA60 /* Pods_WeatherUIKitTests.framework in Frameworks */ = {isa = PBXBuildFile; fileRef = 499B472CE43386B4A357A4D8 /* Pods_WeatherUIKitTests.framework */; };
		A67BAE1D297EC46B00DCE94B /* AppDelegate.swift in Sources */ = {isa = PBXBuildFile; fileRef = A67BAE1C297EC46B00DCE94B /* AppDelegate.swift */; };
		A67BAE1F297EC46B00DCE94B /* SceneDelegate.swift in Sources */ = {isa = PBXBuildFile; fileRef = A67BAE1E297EC46B00DCE94B /* SceneDelegate.swift */; };
		A67BAE21297EC46B00DCE94B /* ViewController.swift in Sources */ = {isa = PBXBuildFile; fileRef = A67BAE20297EC46B00DCE94B /* ViewController.swift */; };
		A67BAE24297EC46B00DCE94B /* Main.storyboard in Resources */ = {isa = PBXBuildFile; fileRef = A67BAE22297EC46B00DCE94B /* Main.storyboard */; };
		A67BAE29297EC47100DCE94B /* Assets.xcassets in Resources */ = {isa = PBXBuildFile; fileRef = A67BAE28297EC47100DCE94B /* Assets.xcassets */; };
		A67BAE2C297EC47100DCE94B /* LaunchScreen.storyboard in Resources */ = {isa = PBXBuildFile; fileRef = A67BAE2A297EC47100DCE94B /* LaunchScreen.storyboard */; };
		A67BAE37297EC47100DCE94B /* WeatherUIKitTests.swift in Sources */ = {isa = PBXBuildFile; fileRef = A67BAE36297EC47100DCE94B /* WeatherUIKitTests.swift */; };
		A6D7CB7D298816C9009B0AC3 /* LocationManager.swift in Sources */ = {isa = PBXBuildFile; fileRef = A6D7CB7C298816C9009B0AC3 /* LocationManager.swift */; };
		A6D7CB8029882ACC009B0AC3 /* OpenWeather.swift in Sources */ = {isa = PBXBuildFile; fileRef = A6D7CB7F29882ACC009B0AC3 /* OpenWeather.swift */; };
		A6D7CB8229882D70009B0AC3 /* OpenWeatherManager.swift in Sources */ = {isa = PBXBuildFile; fileRef = A6D7CB8129882D70009B0AC3 /* OpenWeatherManager.swift */; };
		A6D7CB8829894FFF009B0AC3 /* LocationViewController.swift in Sources */ = {isa = PBXBuildFile; fileRef = A6D7CB8729894FFF009B0AC3 /* LocationViewController.swift */; };
		A6D7CB9E298964EB009B0AC3 /* WeatherModel.xcdatamodeld in Sources */ = {isa = PBXBuildFile; fileRef = A6D7CB9C298964EB009B0AC3 /* WeatherModel.xcdatamodeld */; };
		A6D7CBA02989667E009B0AC3 /* Persistence.swift in Sources */ = {isa = PBXBuildFile; fileRef = A6D7CB9F2989667E009B0AC3 /* Persistence.swift */; };
		A6D7CBA2298966A3009B0AC3 /* WeatherDataManager.swift in Sources */ = {isa = PBXBuildFile; fileRef = A6D7CBA1298966A3009B0AC3 /* WeatherDataManager.swift */; };
		A6D7CBA729896817009B0AC3 /* WeatherForecast+CoreDataClass.swift in Sources */ = {isa = PBXBuildFile; fileRef = A6D7CBA329896817009B0AC3 /* WeatherForecast+CoreDataClass.swift */; };
		A6D7CBA829896817009B0AC3 /* WeatherForecast+CoreDataProperties.swift in Sources */ = {isa = PBXBuildFile; fileRef = A6D7CBA429896817009B0AC3 /* WeatherForecast+CoreDataProperties.swift */; };
		A6D7CBA929896817009B0AC3 /* Day+CoreDataClass.swift in Sources */ = {isa = PBXBuildFile; fileRef = A6D7CBA529896817009B0AC3 /* Day+CoreDataClass.swift */; };
		A6D7CBAA29896817009B0AC3 /* Day+CoreDataProperties.swift in Sources */ = {isa = PBXBuildFile; fileRef = A6D7CBA629896817009B0AC3 /* Day+CoreDataProperties.swift */; };
		A6D7CBAC298A6564009B0AC3 /* WeatherForecastCell.swift in Sources */ = {isa = PBXBuildFile; fileRef = A6D7CBAB298A6564009B0AC3 /* WeatherForecastCell.swift */; };
		A6D7CBAE298BF25E009B0AC3 /* DetailViewController.swift in Sources */ = {isa = PBXBuildFile; fileRef = A6D7CBAD298BF25E009B0AC3 /* DetailViewController.swift */; };
		A7FF12C3EE8B02C06999A579 /* Pods_WeatherUIKit.framework in Frameworks */ = {isa = PBXBuildFile; fileRef = F04E01F23629138C3D2B2E2E /* Pods_WeatherUIKit.framework */; };
/* End PBXBuildFile section */

/* Begin PBXContainerItemProxy section */
		A67BAE33297EC47100DCE94B /* PBXContainerItemProxy */ = {
			isa = PBXContainerItemProxy;
			containerPortal = A67BAE11297EC46B00DCE94B /* Project object */;
			proxyType = 1;
			remoteGlobalIDString = A67BAE18297EC46B00DCE94B;
			remoteInfo = WeatherUIKit;
		};
		A67BAE3D297EC47100DCE94B /* PBXContainerItemProxy */ = {
			isa = PBXContainerItemProxy;
			containerPortal = A67BAE11297EC46B00DCE94B /* Project object */;
			proxyType = 1;
			remoteGlobalIDString = A67BAE18297EC46B00DCE94B;
			remoteInfo = WeatherUIKit;
		};
/* End PBXContainerItemProxy section */

/* Begin PBXFileReference section */
		07B3F0D16C6691AA5F5F2877 /* Pods-WeatherUIKitTests.release.xcconfig */ = {isa = PBXFileReference; includeInIndex = 1; lastKnownFileType = text.xcconfig; name = "Pods-WeatherUIKitTests.release.xcconfig"; path = "Target Support Files/Pods-WeatherUIKitTests/Pods-WeatherUIKitTests.release.xcconfig"; sourceTree = "<group>"; };
		1A477FF21EB5633CAA834D9B /* Pods_WeatherUIKit_WeatherUIKitUITests.framework */ = {isa = PBXFileReference; explicitFileType = wrapper.framework; includeInIndex = 0; path = Pods_WeatherUIKit_WeatherUIKitUITests.framework; sourceTree = BUILT_PRODUCTS_DIR; };
		2B2A82EC5599E60DAE685F6A /* Pods-WeatherUIKitTests.debug.xcconfig */ = {isa = PBXFileReference; includeInIndex = 1; lastKnownFileType = text.xcconfig; name = "Pods-WeatherUIKitTests.debug.xcconfig"; path = "Target Support Files/Pods-WeatherUIKitTests/Pods-WeatherUIKitTests.debug.xcconfig"; sourceTree = "<group>"; };
		2E10D4972399A27E6EDE85CE /* Pods-WeatherUIKit-WeatherUIKitUITests.debug.xcconfig */ = {isa = PBXFileReference; includeInIndex = 1; lastKnownFileType = text.xcconfig; name = "Pods-WeatherUIKit-WeatherUIKitUITests.debug.xcconfig"; path = "Target Support Files/Pods-WeatherUIKit-WeatherUIKitUITests/Pods-WeatherUIKit-WeatherUIKitUITests.debug.xcconfig"; sourceTree = "<group>"; };
		499B472CE43386B4A357A4D8 /* Pods_WeatherUIKitTests.framework */ = {isa = PBXFileReference; explicitFileType = wrapper.framework; includeInIndex = 0; path = Pods_WeatherUIKitTests.framework; sourceTree = BUILT_PRODUCTS_DIR; };
		A67BAE19297EC46B00DCE94B /* WeatherUIKit.app */ = {isa = PBXFileReference; explicitFileType = wrapper.application; includeInIndex = 0; path = WeatherUIKit.app; sourceTree = BUILT_PRODUCTS_DIR; };
		A67BAE1C297EC46B00DCE94B /* AppDelegate.swift */ = {isa = PBXFileReference; lastKnownFileType = sourcecode.swift; path = AppDelegate.swift; sourceTree = "<group>"; };
		A67BAE1E297EC46B00DCE94B /* SceneDelegate.swift */ = {isa = PBXFileReference; lastKnownFileType = sourcecode.swift; path = SceneDelegate.swift; sourceTree = "<group>"; };
		A67BAE20297EC46B00DCE94B /* ViewController.swift */ = {isa = PBXFileReference; lastKnownFileType = sourcecode.swift; path = ViewController.swift; sourceTree = "<group>"; };
		A67BAE23297EC46B00DCE94B /* Base */ = {isa = PBXFileReference; lastKnownFileType = file.storyboard; name = Base; path = Base.lproj/Main.storyboard; sourceTree = "<group>"; };
		A67BAE28297EC47100DCE94B /* Assets.xcassets */ = {isa = PBXFileReference; lastKnownFileType = folder.assetcatalog; path = Assets.xcassets; sourceTree = "<group>"; };
		A67BAE2B297EC47100DCE94B /* Base */ = {isa = PBXFileReference; lastKnownFileType = file.storyboard; name = Base; path = Base.lproj/LaunchScreen.storyboard; sourceTree = "<group>"; };
		A67BAE2D297EC47100DCE94B /* Info.plist */ = {isa = PBXFileReference; lastKnownFileType = text.plist.xml; path = Info.plist; sourceTree = "<group>"; };
		A67BAE32297EC47100DCE94B /* WeatherUIKitTests.xctest */ = {isa = PBXFileReference; explicitFileType = wrapper.cfbundle; includeInIndex = 0; path = WeatherUIKitTests.xctest; sourceTree = BUILT_PRODUCTS_DIR; };
		A67BAE36297EC47100DCE94B /* WeatherUIKitTests.swift */ = {isa = PBXFileReference; lastKnownFileType = sourcecode.swift; path = WeatherUIKitTests.swift; sourceTree = "<group>"; };
		A67BAE3C297EC47100DCE94B /* WeatherUIKitUITests.xctest */ = {isa = PBXFileReference; explicitFileType = wrapper.cfbundle; includeInIndex = 0; path = WeatherUIKitUITests.xctest; sourceTree = BUILT_PRODUCTS_DIR; };
		A6D7CB7C298816C9009B0AC3 /* LocationManager.swift */ = {isa = PBXFileReference; lastKnownFileType = sourcecode.swift; path = LocationManager.swift; sourceTree = "<group>"; };
		A6D7CB7F29882ACC009B0AC3 /* OpenWeather.swift */ = {isa = PBXFileReference; lastKnownFileType = sourcecode.swift; path = OpenWeather.swift; sourceTree = "<group>"; };
		A6D7CB8129882D70009B0AC3 /* OpenWeatherManager.swift */ = {isa = PBXFileReference; lastKnownFileType = sourcecode.swift; path = OpenWeatherManager.swift; sourceTree = "<group>"; };
		A6D7CB8729894FFF009B0AC3 /* LocationViewController.swift */ = {isa = PBXFileReference; lastKnownFileType = sourcecode.swift; path = LocationViewController.swift; sourceTree = "<group>"; };
		A6D7CB9D298964EB009B0AC3 /* WeatherModel.xcdatamodel */ = {isa = PBXFileReference; lastKnownFileType = wrapper.xcdatamodel; path = WeatherModel.xcdatamodel; sourceTree = "<group>"; };
		A6D7CB9F2989667E009B0AC3 /* Persistence.swift */ = {isa = PBXFileReference; lastKnownFileType = sourcecode.swift; path = Persistence.swift; sourceTree = "<group>"; };
		A6D7CBA1298966A3009B0AC3 /* WeatherDataManager.swift */ = {isa = PBXFileReference; lastKnownFileType = sourcecode.swift; path = WeatherDataManager.swift; sourceTree = "<group>"; };
		A6D7CBA329896817009B0AC3 /* WeatherForecast+CoreDataClass.swift */ = {isa = PBXFileReference; lastKnownFileType = sourcecode.swift; path = "WeatherForecast+CoreDataClass.swift"; sourceTree = "<group>"; };
		A6D7CBA429896817009B0AC3 /* WeatherForecast+CoreDataProperties.swift */ = {isa = PBXFileReference; lastKnownFileType = sourcecode.swift; path = "WeatherForecast+CoreDataProperties.swift"; sourceTree = "<group>"; };
		A6D7CBA529896817009B0AC3 /* Day+CoreDataClass.swift */ = {isa = PBXFileReference; lastKnownFileType = sourcecode.swift; path = "Day+CoreDataClass.swift"; sourceTree = "<group>"; };
		A6D7CBA629896817009B0AC3 /* Day+CoreDataProperties.swift */ = {isa = PBXFileReference; lastKnownFileType = sourcecode.swift; path = "Day+CoreDataProperties.swift"; sourceTree = "<group>"; };
		A6D7CBAB298A6564009B0AC3 /* WeatherForecastCell.swift */ = {isa = PBXFileReference; lastKnownFileType = sourcecode.swift; path = WeatherForecastCell.swift; sourceTree = "<group>"; };
		A6D7CBAD298BF25E009B0AC3 /* DetailViewController.swift */ = {isa = PBXFileReference; lastKnownFileType = sourcecode.swift; path = DetailViewController.swift; sourceTree = "<group>"; };
		A83B276EE2818EECFB1B4524 /* Pods-WeatherUIKit.release.xcconfig */ = {isa = PBXFileReference; includeInIndex = 1; lastKnownFileType = text.xcconfig; name = "Pods-WeatherUIKit.release.xcconfig"; path = "Target Support Files/Pods-WeatherUIKit/Pods-WeatherUIKit.release.xcconfig"; sourceTree = "<group>"; };
		B8D6B1DE8E25B522799FC844 /* Pods-WeatherUIKit-WeatherUIKitUITests.release.xcconfig */ = {isa = PBXFileReference; includeInIndex = 1; lastKnownFileType = text.xcconfig; name = "Pods-WeatherUIKit-WeatherUIKitUITests.release.xcconfig"; path = "Target Support Files/Pods-WeatherUIKit-WeatherUIKitUITests/Pods-WeatherUIKit-WeatherUIKitUITests.release.xcconfig"; sourceTree = "<group>"; };
		F04E01F23629138C3D2B2E2E /* Pods_WeatherUIKit.framework */ = {isa = PBXFileReference; explicitFileType = wrapper.framework; includeInIndex = 0; path = Pods_WeatherUIKit.framework; sourceTree = BUILT_PRODUCTS_DIR; };
		F4B8A4A7E6E46480BB38352E /* Pods-WeatherUIKit.debug.xcconfig */ = {isa = PBXFileReference; includeInIndex = 1; lastKnownFileType = text.xcconfig; name = "Pods-WeatherUIKit.debug.xcconfig"; path = "Target Support Files/Pods-WeatherUIKit/Pods-WeatherUIKit.debug.xcconfig"; sourceTree = "<group>"; };
/* End PBXFileReference section */

/* Begin PBXFrameworksBuildPhase section */
		A67BAE16297EC46B00DCE94B /* Frameworks */ = {
			isa = PBXFrameworksBuildPhase;
			buildActionMask = 2147483647;
			files = (
				A7FF12C3EE8B02C06999A579 /* Pods_WeatherUIKit.framework in Frameworks */,
			);
			runOnlyForDeploymentPostprocessing = 0;
		};
		A67BAE2F297EC47100DCE94B /* Frameworks */ = {
			isa = PBXFrameworksBuildPhase;
			buildActionMask = 2147483647;
			files = (
				2E06D426FD2B354368D1BA60 /* Pods_WeatherUIKitTests.framework in Frameworks */,
			);
			runOnlyForDeploymentPostprocessing = 0;
		};
		A67BAE39297EC47100DCE94B /* Frameworks */ = {
			isa = PBXFrameworksBuildPhase;
			buildActionMask = 2147483647;
			files = (
				25C799F31FE46A88588D72E6 /* Pods_WeatherUIKit_WeatherUIKitUITests.framework in Frameworks */,
			);
			runOnlyForDeploymentPostprocessing = 0;
		};
/* End PBXFrameworksBuildPhase section */

/* Begin PBXGroup section */
		A67BAE10297EC46B00DCE94B = {
			isa = PBXGroup;
			children = (
				A67BAE1B297EC46B00DCE94B /* WeatherUIKit */,
				A67BAE35297EC47100DCE94B /* WeatherUIKitTests */,
				A67BAE1A297EC46B00DCE94B /* Products */,
				D5AB4484340EE84D253D609F /* Pods */,
				E6FE4A857161B54816297593 /* Frameworks */,
			);
			sourceTree = "<group>";
		};
		A67BAE1A297EC46B00DCE94B /* Products */ = {
			isa = PBXGroup;
			children = (
				A67BAE19297EC46B00DCE94B /* WeatherUIKit.app */,
				A67BAE32297EC47100DCE94B /* WeatherUIKitTests.xctest */,
				A67BAE3C297EC47100DCE94B /* WeatherUIKitUITests.xctest */,
			);
			name = Products;
			sourceTree = "<group>";
		};
		A67BAE1B297EC46B00DCE94B /* WeatherUIKit */ = {
			isa = PBXGroup;
			children = (
				A6D7CB8C29895FE3009B0AC3 /* CoreData */,
				A6D7CB7E29882AB7009B0AC3 /* Network */,
				A6D7CB7B2988167D009B0AC3 /* Location */,
				A67BAE1C297EC46B00DCE94B /* AppDelegate.swift */,
				A67BAE1E297EC46B00DCE94B /* SceneDelegate.swift */,
				A67BAE20297EC46B00DCE94B /* ViewController.swift */,
				A67BAE22297EC46B00DCE94B /* Main.storyboard */,
				A6D7CB8729894FFF009B0AC3 /* LocationViewController.swift */,
				A67BAE28297EC47100DCE94B /* Assets.xcassets */,
				A67BAE2A297EC47100DCE94B /* LaunchScreen.storyboard */,
				A67BAE2D297EC47100DCE94B /* Info.plist */,
				A6D7CBAB298A6564009B0AC3 /* WeatherForecastCell.swift */,
				A6D7CBAD298BF25E009B0AC3 /* DetailViewController.swift */,
			);
			path = WeatherUIKit;
			sourceTree = "<group>";
		};
		A67BAE35297EC47100DCE94B /* WeatherUIKitTests */ = {
			isa = PBXGroup;
			children = (
				A67BAE36297EC47100DCE94B /* WeatherUIKitTests.swift */,
			);
			path = WeatherUIKitTests;
			sourceTree = "<group>";
		};
		A6D7CB7B2988167D009B0AC3 /* Location */ = {
			isa = PBXGroup;
			children = (
				A6D7CB7C298816C9009B0AC3 /* LocationManager.swift */,
			);
			path = Location;
			sourceTree = "<group>";
		};
		A6D7CB7E29882AB7009B0AC3 /* Network */ = {
			isa = PBXGroup;
			children = (
				A6D7CB7F29882ACC009B0AC3 /* OpenWeather.swift */,
				A6D7CB8129882D70009B0AC3 /* OpenWeatherManager.swift */,
			);
			path = Network;
			sourceTree = "<group>";
		};
		A6D7CB8C29895FE3009B0AC3 /* CoreData */ = {
			isa = PBXGroup;
			children = (
				A6D7CBA329896817009B0AC3 /* WeatherForecast+CoreDataClass.swift */,
				A6D7CBA429896817009B0AC3 /* WeatherForecast+CoreDataProperties.swift */,
				A6D7CBA529896817009B0AC3 /* Day+CoreDataClass.swift */,
				A6D7CBA629896817009B0AC3 /* Day+CoreDataProperties.swift */,
				A6D7CB9C298964EB009B0AC3 /* WeatherModel.xcdatamodeld */,
				A6D7CB9F2989667E009B0AC3 /* Persistence.swift */,
				A6D7CBA1298966A3009B0AC3 /* WeatherDataManager.swift */,
			);
			path = CoreData;
			sourceTree = "<group>";
		};
		D5AB4484340EE84D253D609F /* Pods */ = {
			isa = PBXGroup;
			children = (
				F4B8A4A7E6E46480BB38352E /* Pods-WeatherUIKit.debug.xcconfig */,
				A83B276EE2818EECFB1B4524 /* Pods-WeatherUIKit.release.xcconfig */,
				2E10D4972399A27E6EDE85CE /* Pods-WeatherUIKit-WeatherUIKitUITests.debug.xcconfig */,
				B8D6B1DE8E25B522799FC844 /* Pods-WeatherUIKit-WeatherUIKitUITests.release.xcconfig */,
				2B2A82EC5599E60DAE685F6A /* Pods-WeatherUIKitTests.debug.xcconfig */,
				07B3F0D16C6691AA5F5F2877 /* Pods-WeatherUIKitTests.release.xcconfig */,
			);
			path = Pods;
			sourceTree = "<group>";
		};
		E6FE4A857161B54816297593 /* Frameworks */ = {
			isa = PBXGroup;
			children = (
				F04E01F23629138C3D2B2E2E /* Pods_WeatherUIKit.framework */,
				1A477FF21EB5633CAA834D9B /* Pods_WeatherUIKit_WeatherUIKitUITests.framework */,
				499B472CE43386B4A357A4D8 /* Pods_WeatherUIKitTests.framework */,
			);
			name = Frameworks;
			sourceTree = "<group>";
		};
/* End PBXGroup section */

/* Begin PBXNativeTarget section */
		A67BAE18297EC46B00DCE94B /* WeatherUIKit */ = {
			isa = PBXNativeTarget;
			buildConfigurationList = A67BAE46297EC47100DCE94B /* Build configuration list for PBXNativeTarget "WeatherUIKit" */;
			buildPhases = (
				5A5B4553266B66FD4B41BBCA /* [CP] Check Pods Manifest.lock */,
				A67BAE15297EC46B00DCE94B /* Sources */,
				A67BAE16297EC46B00DCE94B /* Frameworks */,
				A67BAE17297EC46B00DCE94B /* Resources */,
				ED443C48EC3733CD878503EF /* [CP] Embed Pods Frameworks */,
			);
			buildRules = (
			);
			dependencies = (
			);
			name = WeatherUIKit;
			productName = WeatherUIKit;
			productReference = A67BAE19297EC46B00DCE94B /* WeatherUIKit.app */;
			productType = "com.apple.product-type.application";
		};
		A67BAE31297EC47100DCE94B /* WeatherUIKitTests */ = {
			isa = PBXNativeTarget;
			buildConfigurationList = A67BAE49297EC47100DCE94B /* Build configuration list for PBXNativeTarget "WeatherUIKitTests" */;
			buildPhases = (
				0E30D9CAC015BEC467E927A3 /* [CP] Check Pods Manifest.lock */,
				A67BAE2E297EC47100DCE94B /* Sources */,
				A67BAE2F297EC47100DCE94B /* Frameworks */,
				A67BAE30297EC47100DCE94B /* Resources */,
			);
			buildRules = (
			);
			dependencies = (
				A67BAE34297EC47100DCE94B /* PBXTargetDependency */,
			);
			name = WeatherUIKitTests;
			productName = WeatherUIKitTests;
			productReference = A67BAE32297EC47100DCE94B /* WeatherUIKitTests.xctest */;
			productType = "com.apple.product-type.bundle.unit-test";
		};
		A67BAE3B297EC47100DCE94B /* WeatherUIKitUITests */ = {
			isa = PBXNativeTarget;
			buildConfigurationList = A67BAE4C297EC47100DCE94B /* Build configuration list for PBXNativeTarget "WeatherUIKitUITests" */;
			buildPhases = (
				A948E51123EDBEF21D1662D4 /* [CP] Check Pods Manifest.lock */,
				A67BAE38297EC47100DCE94B /* Sources */,
				A67BAE39297EC47100DCE94B /* Frameworks */,
				A67BAE3A297EC47100DCE94B /* Resources */,
				5E4FF7669E2EBB7D70506434 /* [CP] Embed Pods Frameworks */,
			);
			buildRules = (
			);
			dependencies = (
				A67BAE3E297EC47100DCE94B /* PBXTargetDependency */,
			);
			name = WeatherUIKitUITests;
			productName = WeatherUIKitUITests;
			productReference = A67BAE3C297EC47100DCE94B /* WeatherUIKitUITests.xctest */;
			productType = "com.apple.product-type.bundle.ui-testing";
		};
/* End PBXNativeTarget section */

/* Begin PBXProject section */
		A67BAE11297EC46B00DCE94B /* Project object */ = {
			isa = PBXProject;
			attributes = {
				BuildIndependentTargetsInParallel = 1;
				LastSwiftUpdateCheck = 1320;
				LastUpgradeCheck = 1320;
				TargetAttributes = {
					A67BAE18297EC46B00DCE94B = {
						CreatedOnToolsVersion = 13.2.1;
					};
					A67BAE31297EC47100DCE94B = {
						CreatedOnToolsVersion = 13.2.1;
						TestTargetID = A67BAE18297EC46B00DCE94B;
					};
					A67BAE3B297EC47100DCE94B = {
						CreatedOnToolsVersion = 13.2.1;
						TestTargetID = A67BAE18297EC46B00DCE94B;
					};
				};
			};
			buildConfigurationList = A67BAE14297EC46B00DCE94B /* Build configuration list for PBXProject "WeatherUIKit" */;
			compatibilityVersion = "Xcode 13.0";
			developmentRegion = en;
			hasScannedForEncodings = 0;
			knownRegions = (
				en,
				Base,
			);
			mainGroup = A67BAE10297EC46B00DCE94B;
			productRefGroup = A67BAE1A297EC46B00DCE94B /* Products */;
			projectDirPath = "";
			projectRoot = "";
			targets = (
				A67BAE18297EC46B00DCE94B /* WeatherUIKit */,
				A67BAE31297EC47100DCE94B /* WeatherUIKitTests */,
				A67BAE3B297EC47100DCE94B /* WeatherUIKitUITests */,
			);
		};
/* End PBXProject section */

/* Begin PBXResourcesBuildPhase section */
		A67BAE17297EC46B00DCE94B /* Resources */ = {
			isa = PBXResourcesBuildPhase;
			buildActionMask = 2147483647;
			files = (
				A67BAE2C297EC47100DCE94B /* LaunchScreen.storyboard in Resources */,
				A67BAE29297EC47100DCE94B /* Assets.xcassets in Resources */,
				A67BAE24297EC46B00DCE94B /* Main.storyboard in Resources */,
			);
			runOnlyForDeploymentPostprocessing = 0;
		};
		A67BAE30297EC47100DCE94B /* Resources */ = {
			isa = PBXResourcesBuildPhase;
			buildActionMask = 2147483647;
			files = (
			);
			runOnlyForDeploymentPostprocessing = 0;
		};
		A67BAE3A297EC47100DCE94B /* Resources */ = {
			isa = PBXResourcesBuildPhase;
			buildActionMask = 2147483647;
			files = (
			);
			runOnlyForDeploymentPostprocessing = 0;
		};
/* End PBXResourcesBuildPhase section */

/* Begin PBXShellScriptBuildPhase section */
		0E30D9CAC015BEC467E927A3 /* [CP] Check Pods Manifest.lock */ = {
			isa = PBXShellScriptBuildPhase;
			buildActionMask = 2147483647;
			files = (
			);
			inputFileListPaths = (
			);
			inputPaths = (
				"${PODS_PODFILE_DIR_PATH}/Podfile.lock",
				"${PODS_ROOT}/Manifest.lock",
			);
			name = "[CP] Check Pods Manifest.lock";
			outputFileListPaths = (
			);
			outputPaths = (
				"$(DERIVED_FILE_DIR)/Pods-WeatherUIKitTests-checkManifestLockResult.txt",
			);
			runOnlyForDeploymentPostprocessing = 0;
			shellPath = /bin/sh;
			shellScript = "diff \"${PODS_PODFILE_DIR_PATH}/Podfile.lock\" \"${PODS_ROOT}/Manifest.lock\" > /dev/null\nif [ $? != 0 ] ; then\n    # print error to STDERR\n    echo \"error: The sandbox is not in sync with the Podfile.lock. Run 'pod install' or update your CocoaPods installation.\" >&2\n    exit 1\nfi\n# This output is used by Xcode 'outputs' to avoid re-running this script phase.\necho \"SUCCESS\" > \"${SCRIPT_OUTPUT_FILE_0}\"\n";
			showEnvVarsInLog = 0;
		};
		5A5B4553266B66FD4B41BBCA /* [CP] Check Pods Manifest.lock */ = {
			isa = PBXShellScriptBuildPhase;
			buildActionMask = 2147483647;
			files = (
			);
			inputFileListPaths = (
			);
			inputPaths = (
				"${PODS_PODFILE_DIR_PATH}/Podfile.lock",
				"${PODS_ROOT}/Manifest.lock",
			);
			name = "[CP] Check Pods Manifest.lock";
			outputFileListPaths = (
			);
			outputPaths = (
				"$(DERIVED_FILE_DIR)/Pods-WeatherUIKit-checkManifestLockResult.txt",
			);
			runOnlyForDeploymentPostprocessing = 0;
			shellPath = /bin/sh;
			shellScript = "diff \"${PODS_PODFILE_DIR_PATH}/Podfile.lock\" \"${PODS_ROOT}/Manifest.lock\" > /dev/null\nif [ $? != 0 ] ; then\n    # print error to STDERR\n    echo \"error: The sandbox is not in sync with the Podfile.lock. Run 'pod install' or update your CocoaPods installation.\" >&2\n    exit 1\nfi\n# This output is used by Xcode 'outputs' to avoid re-running this script phase.\necho \"SUCCESS\" > \"${SCRIPT_OUTPUT_FILE_0}\"\n";
			showEnvVarsInLog = 0;
		};
		5E4FF7669E2EBB7D70506434 /* [CP] Embed Pods Frameworks */ = {
			isa = PBXShellScriptBuildPhase;
			buildActionMask = 2147483647;
			files = (
			);
			inputFileListPaths = (
				"${PODS_ROOT}/Target Support Files/Pods-WeatherUIKit-WeatherUIKitUITests/Pods-WeatherUIKit-WeatherUIKitUITests-frameworks-${CONFIGURATION}-input-files.xcfilelist",
			);
			name = "[CP] Embed Pods Frameworks";
			outputFileListPaths = (
				"${PODS_ROOT}/Target Support Files/Pods-WeatherUIKit-WeatherUIKitUITests/Pods-WeatherUIKit-WeatherUIKitUITests-frameworks-${CONFIGURATION}-output-files.xcfilelist",
			);
			runOnlyForDeploymentPostprocessing = 0;
			shellPath = /bin/sh;
			shellScript = "\"${PODS_ROOT}/Target Support Files/Pods-WeatherUIKit-WeatherUIKitUITests/Pods-WeatherUIKit-WeatherUIKitUITests-frameworks.sh\"\n";
			showEnvVarsInLog = 0;
		};
		A948E51123EDBEF21D1662D4 /* [CP] Check Pods Manifest.lock */ = {
			isa = PBXShellScriptBuildPhase;
			buildActionMask = 2147483647;
			files = (
			);
			inputFileListPaths = (
			);
			inputPaths = (
				"${PODS_PODFILE_DIR_PATH}/Podfile.lock",
				"${PODS_ROOT}/Manifest.lock",
			);
			name = "[CP] Check Pods Manifest.lock";
			outputFileListPaths = (
			);
			outputPaths = (
				"$(DERIVED_FILE_DIR)/Pods-WeatherUIKit-WeatherUIKitUITests-checkManifestLockResult.txt",
			);
			runOnlyForDeploymentPostprocessing = 0;
			shellPath = /bin/sh;
			shellScript = "diff \"${PODS_PODFILE_DIR_PATH}/Podfile.lock\" \"${PODS_ROOT}/Manifest.lock\" > /dev/null\nif [ $? != 0 ] ; then\n    # print error to STDERR\n    echo \"error: The sandbox is not in sync with the Podfile.lock. Run 'pod install' or update your CocoaPods installation.\" >&2\n    exit 1\nfi\n# This output is used by Xcode 'outputs' to avoid re-running this script phase.\necho \"SUCCESS\" > \"${SCRIPT_OUTPUT_FILE_0}\"\n";
			showEnvVarsInLog = 0;
		};
		ED443C48EC3733CD878503EF /* [CP] Embed Pods Frameworks */ = {
			isa = PBXShellScriptBuildPhase;
			buildActionMask = 2147483647;
			files = (
			);
			inputFileListPaths = (
				"${PODS_ROOT}/Target Support Files/Pods-WeatherUIKit/Pods-WeatherUIKit-frameworks-${CONFIGURATION}-input-files.xcfilelist",
			);
			name = "[CP] Embed Pods Frameworks";
			outputFileListPaths = (
				"${PODS_ROOT}/Target Support Files/Pods-WeatherUIKit/Pods-WeatherUIKit-frameworks-${CONFIGURATION}-output-files.xcfilelist",
			);
			runOnlyForDeploymentPostprocessing = 0;
			shellPath = /bin/sh;
			shellScript = "\"${PODS_ROOT}/Target Support Files/Pods-WeatherUIKit/Pods-WeatherUIKit-frameworks.sh\"\n";
			showEnvVarsInLog = 0;
		};
/* End PBXShellScriptBuildPhase section */

/* Begin PBXSourcesBuildPhase section */
		A67BAE15297EC46B00DCE94B /* Sources */ = {
			isa = PBXSourcesBuildPhase;
			buildActionMask = 2147483647;
			files = (
				A6D7CBA729896817009B0AC3 /* WeatherForecast+CoreDataClass.swift in Sources */,
				A6D7CBA829896817009B0AC3 /* WeatherForecast+CoreDataProperties.swift in Sources */,
				A6D7CBAC298A6564009B0AC3 /* WeatherForecastCell.swift in Sources */,
				A6D7CBA02989667E009B0AC3 /* Persistence.swift in Sources */,
				A6D7CB8229882D70009B0AC3 /* OpenWeatherManager.swift in Sources */,
				A6D7CB8029882ACC009B0AC3 /* OpenWeather.swift in Sources */,
				A6D7CB9E298964EB009B0AC3 /* WeatherModel.xcdatamodeld in Sources */,
				A6D7CBAE298BF25E009B0AC3 /* DetailViewController.swift in Sources */,
				A6D7CBAA29896817009B0AC3 /* Day+CoreDataProperties.swift in Sources */,
				A6D7CBA2298966A3009B0AC3 /* WeatherDataManager.swift in Sources */,
				A67BAE21297EC46B00DCE94B /* ViewController.swift in Sources */,
				A67BAE1D297EC46B00DCE94B /* AppDelegate.swift in Sources */,
				A6D7CB7D298816C9009B0AC3 /* LocationManager.swift in Sources */,
				A67BAE1F297EC46B00DCE94B /* SceneDelegate.swift in Sources */,
				A6D7CB8829894FFF009B0AC3 /* LocationViewController.swift in Sources */,
				A6D7CBA929896817009B0AC3 /* Day+CoreDataClass.swift in Sources */,
			);
			runOnlyForDeploymentPostprocessing = 0;
		};
		A67BAE2E297EC47100DCE94B /* Sources */ = {
			isa = PBXSourcesBuildPhase;
			buildActionMask = 2147483647;
			files = (
				A67BAE37297EC47100DCE94B /* WeatherUIKitTests.swift in Sources */,
			);
			runOnlyForDeploymentPostprocessing = 0;
		};
		A67BAE38297EC47100DCE94B /* Sources */ = {
			isa = PBXSourcesBuildPhase;
			buildActionMask = 2147483647;
			files = (
			);
			runOnlyForDeploymentPostprocessing = 0;
		};
/* End PBXSourcesBuildPhase section */

/* Begin PBXTargetDependency section */
		A67BAE34297EC47100DCE94B /* PBXTargetDependency */ = {
			isa = PBXTargetDependency;
			target = A67BAE18297EC46B00DCE94B /* WeatherUIKit */;
			targetProxy = A67BAE33297EC47100DCE94B /* PBXContainerItemProxy */;
		};
		A67BAE3E297EC47100DCE94B /* PBXTargetDependency */ = {
			isa = PBXTargetDependency;
			target = A67BAE18297EC46B00DCE94B /* WeatherUIKit */;
			targetProxy = A67BAE3D297EC47100DCE94B /* PBXContainerItemProxy */;
		};
/* End PBXTargetDependency section */

/* Begin PBXVariantGroup section */
		A67BAE22297EC46B00DCE94B /* Main.storyboard */ = {
			isa = PBXVariantGroup;
			children = (
				A67BAE23297EC46B00DCE94B /* Base */,
			);
			name = Main.storyboard;
			sourceTree = "<group>";
		};
		A67BAE2A297EC47100DCE94B /* LaunchScreen.storyboard */ = {
			isa = PBXVariantGroup;
			children = (
				A67BAE2B297EC47100DCE94B /* Base */,
			);
			name = LaunchScreen.storyboard;
			sourceTree = "<group>";
		};
/* End PBXVariantGroup section */

/* Begin XCBuildConfiguration section */
		A67BAE44297EC47100DCE94B /* Debug */ = {
			isa = XCBuildConfiguration;
			buildSettings = {
				ALWAYS_SEARCH_USER_PATHS = NO;
				CLANG_ANALYZER_NONNULL = YES;
				CLANG_ANALYZER_NUMBER_OBJECT_CONVERSION = YES_AGGRESSIVE;
				CLANG_CXX_LANGUAGE_STANDARD = "gnu++17";
				CLANG_CXX_LIBRARY = "libc++";
				CLANG_ENABLE_MODULES = YES;
				CLANG_ENABLE_OBJC_ARC = YES;
				CLANG_ENABLE_OBJC_WEAK = YES;
				CLANG_WARN_BLOCK_CAPTURE_AUTORELEASING = YES;
				CLANG_WARN_BOOL_CONVERSION = YES;
				CLANG_WARN_COMMA = YES;
				CLANG_WARN_CONSTANT_CONVERSION = YES;
				CLANG_WARN_DEPRECATED_OBJC_IMPLEMENTATIONS = YES;
				CLANG_WARN_DIRECT_OBJC_ISA_USAGE = YES_ERROR;
				CLANG_WARN_DOCUMENTATION_COMMENTS = YES;
				CLANG_WARN_EMPTY_BODY = YES;
				CLANG_WARN_ENUM_CONVERSION = YES;
				CLANG_WARN_INFINITE_RECURSION = YES;
				CLANG_WARN_INT_CONVERSION = YES;
				CLANG_WARN_NON_LITERAL_NULL_CONVERSION = YES;
				CLANG_WARN_OBJC_IMPLICIT_RETAIN_SELF = YES;
				CLANG_WARN_OBJC_LITERAL_CONVERSION = YES;
				CLANG_WARN_OBJC_ROOT_CLASS = YES_ERROR;
				CLANG_WARN_QUOTED_INCLUDE_IN_FRAMEWORK_HEADER = YES;
				CLANG_WARN_RANGE_LOOP_ANALYSIS = YES;
				CLANG_WARN_STRICT_PROTOTYPES = YES;
				CLANG_WARN_SUSPICIOUS_MOVE = YES;
				CLANG_WARN_UNGUARDED_AVAILABILITY = YES_AGGRESSIVE;
				CLANG_WARN_UNREACHABLE_CODE = YES;
				CLANG_WARN__DUPLICATE_METHOD_MATCH = YES;
				COPY_PHASE_STRIP = NO;
				DEBUG_INFORMATION_FORMAT = dwarf;
				ENABLE_STRICT_OBJC_MSGSEND = YES;
				ENABLE_TESTABILITY = YES;
				GCC_C_LANGUAGE_STANDARD = gnu11;
				GCC_DYNAMIC_NO_PIC = NO;
				GCC_NO_COMMON_BLOCKS = YES;
				GCC_OPTIMIZATION_LEVEL = 0;
				GCC_PREPROCESSOR_DEFINITIONS = (
					"DEBUG=1",
					"$(inherited)",
				);
				GCC_WARN_64_TO_32_BIT_CONVERSION = YES;
				GCC_WARN_ABOUT_RETURN_TYPE = YES_ERROR;
				GCC_WARN_UNDECLARED_SELECTOR = YES;
				GCC_WARN_UNINITIALIZED_AUTOS = YES_AGGRESSIVE;
				GCC_WARN_UNUSED_FUNCTION = YES;
				GCC_WARN_UNUSED_VARIABLE = YES;
				IPHONEOS_DEPLOYMENT_TARGET = 15.2;
				MTL_ENABLE_DEBUG_INFO = INCLUDE_SOURCE;
				MTL_FAST_MATH = YES;
				ONLY_ACTIVE_ARCH = YES;
				SDKROOT = iphoneos;
				SWIFT_ACTIVE_COMPILATION_CONDITIONS = DEBUG;
				SWIFT_OPTIMIZATION_LEVEL = "-Onone";
			};
			name = Debug;
		};
		A67BAE45297EC47100DCE94B /* Release */ = {
			isa = XCBuildConfiguration;
			buildSettings = {
				ALWAYS_SEARCH_USER_PATHS = NO;
				CLANG_ANALYZER_NONNULL = YES;
				CLANG_ANALYZER_NUMBER_OBJECT_CONVERSION = YES_AGGRESSIVE;
				CLANG_CXX_LANGUAGE_STANDARD = "gnu++17";
				CLANG_CXX_LIBRARY = "libc++";
				CLANG_ENABLE_MODULES = YES;
				CLANG_ENABLE_OBJC_ARC = YES;
				CLANG_ENABLE_OBJC_WEAK = YES;
				CLANG_WARN_BLOCK_CAPTURE_AUTORELEASING = YES;
				CLANG_WARN_BOOL_CONVERSION = YES;
				CLANG_WARN_COMMA = YES;
				CLANG_WARN_CONSTANT_CONVERSION = YES;
				CLANG_WARN_DEPRECATED_OBJC_IMPLEMENTATIONS = YES;
				CLANG_WARN_DIRECT_OBJC_ISA_USAGE = YES_ERROR;
				CLANG_WARN_DOCUMENTATION_COMMENTS = YES;
				CLANG_WARN_EMPTY_BODY = YES;
				CLANG_WARN_ENUM_CONVERSION = YES;
				CLANG_WARN_INFINITE_RECURSION = YES;
				CLANG_WARN_INT_CONVERSION = YES;
				CLANG_WARN_NON_LITERAL_NULL_CONVERSION = YES;
				CLANG_WARN_OBJC_IMPLICIT_RETAIN_SELF = YES;
				CLANG_WARN_OBJC_LITERAL_CONVERSION = YES;
				CLANG_WARN_OBJC_ROOT_CLASS = YES_ERROR;
				CLANG_WARN_QUOTED_INCLUDE_IN_FRAMEWORK_HEADER = YES;
				CLANG_WARN_RANGE_LOOP_ANALYSIS = YES;
				CLANG_WARN_STRICT_PROTOTYPES = YES;
				CLANG_WARN_SUSPICIOUS_MOVE = YES;
				CLANG_WARN_UNGUARDED_AVAILABILITY = YES_AGGRESSIVE;
				CLANG_WARN_UNREACHABLE_CODE = YES;
				CLANG_WARN__DUPLICATE_METHOD_MATCH = YES;
				COPY_PHASE_STRIP = NO;
				DEBUG_INFORMATION_FORMAT = "dwarf-with-dsym";
				ENABLE_NS_ASSERTIONS = NO;
				ENABLE_STRICT_OBJC_MSGSEND = YES;
				GCC_C_LANGUAGE_STANDARD = gnu11;
				GCC_NO_COMMON_BLOCKS = YES;
				GCC_WARN_64_TO_32_BIT_CONVERSION = YES;
				GCC_WARN_ABOUT_RETURN_TYPE = YES_ERROR;
				GCC_WARN_UNDECLARED_SELECTOR = YES;
				GCC_WARN_UNINITIALIZED_AUTOS = YES_AGGRESSIVE;
				GCC_WARN_UNUSED_FUNCTION = YES;
				GCC_WARN_UNUSED_VARIABLE = YES;
				IPHONEOS_DEPLOYMENT_TARGET = 15.2;
				MTL_ENABLE_DEBUG_INFO = NO;
				MTL_FAST_MATH = YES;
				SDKROOT = iphoneos;
				SWIFT_COMPILATION_MODE = wholemodule;
				SWIFT_OPTIMIZATION_LEVEL = "-O";
				VALIDATE_PRODUCT = YES;
			};
			name = Release;
		};
		A67BAE47297EC47100DCE94B /* Debug */ = {
			isa = XCBuildConfiguration;
			baseConfigurationReference = F4B8A4A7E6E46480BB38352E /* Pods-WeatherUIKit.debug.xcconfig */;
			buildSettings = {
				ASSETCATALOG_COMPILER_APPICON_NAME = AppIcon;
				ASSETCATALOG_COMPILER_GLOBAL_ACCENT_COLOR_NAME = AccentColor;
				CODE_SIGN_STYLE = Automatic;
				CURRENT_PROJECT_VERSION = 1;
				GENERATE_INFOPLIST_FILE = YES;
				INFOPLIST_FILE = WeatherUIKit/Info.plist;
				INFOPLIST_KEY_UIApplicationSupportsIndirectInputEvents = YES;
				INFOPLIST_KEY_UILaunchStoryboardName = LaunchScreen;
				INFOPLIST_KEY_UIMainStoryboardFile = Main;
				INFOPLIST_KEY_UISupportedInterfaceOrientations_iPad = "UIInterfaceOrientationPortrait UIInterfaceOrientationPortraitUpsideDown UIInterfaceOrientationLandscapeLeft UIInterfaceOrientationLandscapeRight";
				INFOPLIST_KEY_UISupportedInterfaceOrientations_iPhone = "UIInterfaceOrientationPortrait UIInterfaceOrientationLandscapeLeft UIInterfaceOrientationLandscapeRight";
				LD_RUNPATH_SEARCH_PATHS = (
					"$(inherited)",
					"@executable_path/Frameworks",
				);
				MARKETING_VERSION = 1.0;
				PRODUCT_BUNDLE_IDENTIFIER = "Denys-Polishchuk.WeatherUIKit";
				PRODUCT_NAME = "$(TARGET_NAME)";
				SWIFT_EMIT_LOC_STRINGS = YES;
				SWIFT_VERSION = 5.0;
				TARGETED_DEVICE_FAMILY = "1,2";
			};
			name = Debug;
		};
		A67BAE48297EC47100DCE94B /* Release */ = {
			isa = XCBuildConfiguration;
			baseConfigurationReference = A83B276EE2818EECFB1B4524 /* Pods-WeatherUIKit.release.xcconfig */;
			buildSettings = {
				ASSETCATALOG_COMPILER_APPICON_NAME = AppIcon;
				ASSETCATALOG_COMPILER_GLOBAL_ACCENT_COLOR_NAME = AccentColor;
				CODE_SIGN_STYLE = Automatic;
				CURRENT_PROJECT_VERSION = 1;
				GENERATE_INFOPLIST_FILE = YES;
				INFOPLIST_FILE = WeatherUIKit/Info.plist;
				INFOPLIST_KEY_UIApplicationSupportsIndirectInputEvents = YES;
				INFOPLIST_KEY_UILaunchStoryboardName = LaunchScreen;
				INFOPLIST_KEY_UIMainStoryboardFile = Main;
				INFOPLIST_KEY_UISupportedInterfaceOrientations_iPad = "UIInterfaceOrientationPortrait UIInterfaceOrientationPortraitUpsideDown UIInterfaceOrientationLandscapeLeft UIInterfaceOrientationLandscapeRight";
				INFOPLIST_KEY_UISupportedInterfaceOrientations_iPhone = "UIInterfaceOrientationPortrait UIInterfaceOrientationLandscapeLeft UIInterfaceOrientationLandscapeRight";
				LD_RUNPATH_SEARCH_PATHS = (
					"$(inherited)",
					"@executable_path/Frameworks",
				);
				MARKETING_VERSION = 1.0;
				PRODUCT_BUNDLE_IDENTIFIER = "Denys-Polishchuk.WeatherUIKit";
				PRODUCT_NAME = "$(TARGET_NAME)";
				SWIFT_EMIT_LOC_STRINGS = YES;
				SWIFT_VERSION = 5.0;
				TARGETED_DEVICE_FAMILY = "1,2";
			};
			name = Release;
		};
		A67BAE4A297EC47100DCE94B /* Debug */ = {
			isa = XCBuildConfiguration;
			baseConfigurationReference = 2B2A82EC5599E60DAE685F6A /* Pods-WeatherUIKitTests.debug.xcconfig */;
			buildSettings = {
				ALWAYS_EMBED_SWIFT_STANDARD_LIBRARIES = YES;
				BUNDLE_LOADER = "$(TEST_HOST)";
				CODE_SIGN_STYLE = Automatic;
				CURRENT_PROJECT_VERSION = 1;
				GENERATE_INFOPLIST_FILE = YES;
				IPHONEOS_DEPLOYMENT_TARGET = 15.2;
				MARKETING_VERSION = 1.0;
				PRODUCT_BUNDLE_IDENTIFIER = "Denys-Polishchuk.WeatherUIKitTests";
				PRODUCT_NAME = "$(TARGET_NAME)";
				SWIFT_EMIT_LOC_STRINGS = NO;
				SWIFT_VERSION = 5.0;
				TARGETED_DEVICE_FAMILY = "1,2";
				TEST_HOST = "$(BUILT_PRODUCTS_DIR)/WeatherUIKit.app/WeatherUIKit";
			};
			name = Debug;
		};
		A67BAE4B297EC47100DCE94B /* Release */ = {
			isa = XCBuildConfiguration;
			baseConfigurationReference = 07B3F0D16C6691AA5F5F2877 /* Pods-WeatherUIKitTests.release.xcconfig */;
			buildSettings = {
				ALWAYS_EMBED_SWIFT_STANDARD_LIBRARIES = YES;
				BUNDLE_LOADER = "$(TEST_HOST)";
				CODE_SIGN_STYLE = Automatic;
				CURRENT_PROJECT_VERSION = 1;
				GENERATE_INFOPLIST_FILE = YES;
				IPHONEOS_DEPLOYMENT_TARGET = 15.2;
				MARKETING_VERSION = 1.0;
				PRODUCT_BUNDLE_IDENTIFIER = "Denys-Polishchuk.WeatherUIKitTests";
				PRODUCT_NAME = "$(TARGET_NAME)";
				SWIFT_EMIT_LOC_STRINGS = NO;
				SWIFT_VERSION = 5.0;
				TARGETED_DEVICE_FAMILY = "1,2";
				TEST_HOST = "$(BUILT_PRODUCTS_DIR)/WeatherUIKit.app/WeatherUIKit";
			};
			name = Release;
		};
		A67BAE4D297EC47100DCE94B /* Debug */ = {
			isa = XCBuildConfiguration;
			baseConfigurationReference = 2E10D4972399A27E6EDE85CE /* Pods-WeatherUIKit-WeatherUIKitUITests.debug.xcconfig */;
			buildSettings = {
				ALWAYS_EMBED_SWIFT_STANDARD_LIBRARIES = YES;
				CODE_SIGN_STYLE = Automatic;
				CURRENT_PROJECT_VERSION = 1;
				GENERATE_INFOPLIST_FILE = YES;
				MARKETING_VERSION = 1.0;
				PRODUCT_BUNDLE_IDENTIFIER = "Denys-Polishchuk.WeatherUIKitUITests";
				PRODUCT_NAME = "$(TARGET_NAME)";
				SWIFT_EMIT_LOC_STRINGS = NO;
				SWIFT_VERSION = 5.0;
				TARGETED_DEVICE_FAMILY = "1,2";
				TEST_TARGET_NAME = WeatherUIKit;
			};
			name = Debug;
		};
		A67BAE4E297EC47100DCE94B /* Release */ = {
			isa = XCBuildConfiguration;
			baseConfigurationReference = B8D6B1DE8E25B522799FC844 /* Pods-WeatherUIKit-WeatherUIKitUITests.release.xcconfig */;
			buildSettings = {
				ALWAYS_EMBED_SWIFT_STANDARD_LIBRARIES = YES;
				CODE_SIGN_STYLE = Automatic;
				CURRENT_PROJECT_VERSION = 1;
				GENERATE_INFOPLIST_FILE = YES;
				MARKETING_VERSION = 1.0;
				PRODUCT_BUNDLE_IDENTIFIER = "Denys-Polishchuk.WeatherUIKitUITests";
				PRODUCT_NAME = "$(TARGET_NAME)";
				SWIFT_EMIT_LOC_STRINGS = NO;
				SWIFT_VERSION = 5.0;
				TARGETED_DEVICE_FAMILY = "1,2";
				TEST_TARGET_NAME = WeatherUIKit;
			};
			name = Release;
		};
/* End XCBuildConfiguration section */

/* Begin XCConfigurationList section */
		A67BAE14297EC46B00DCE94B /* Build configuration list for PBXProject "WeatherUIKit" */ = {
			isa = XCConfigurationList;
			buildConfigurations = (
				A67BAE44297EC47100DCE94B /* Debug */,
				A67BAE45297EC47100DCE94B /* Release */,
			);
			defaultConfigurationIsVisible = 0;
			defaultConfigurationName = Release;
		};
		A67BAE46297EC47100DCE94B /* Build configuration list for PBXNativeTarget "WeatherUIKit" */ = {
			isa = XCConfigurationList;
			buildConfigurations = (
				A67BAE47297EC47100DCE94B /* Debug */,
				A67BAE48297EC47100DCE94B /* Release */,
			);
			defaultConfigurationIsVisible = 0;
			defaultConfigurationName = Release;
		};
		A67BAE49297EC47100DCE94B /* Build configuration list for PBXNativeTarget "WeatherUIKitTests" */ = {
			isa = XCConfigurationList;
			buildConfigurations = (
				A67BAE4A297EC47100DCE94B /* Debug */,
				A67BAE4B297EC47100DCE94B /* Release */,
			);
			defaultConfigurationIsVisible = 0;
			defaultConfigurationName = Release;
		};
		A67BAE4C297EC47100DCE94B /* Build configuration list for PBXNativeTarget "WeatherUIKitUITests" */ = {
			isa = XCConfigurationList;
			buildConfigurations = (
				A67BAE4D297EC47100DCE94B /* Debug */,
				A67BAE4E297EC47100DCE94B /* Release */,
			);
			defaultConfigurationIsVisible = 0;
			defaultConfigurationName = Release;
		};
/* End XCConfigurationList section */

/* Begin XCVersionGroup section */
		A6D7CB9C298964EB009B0AC3 /* WeatherModel.xcdatamodeld */ = {
			isa = XCVersionGroup;
			children = (
				A6D7CB9D298964EB009B0AC3 /* WeatherModel.xcdatamodel */,
			);
			currentVersion = A6D7CB9D298964EB009B0AC3 /* WeatherModel.xcdatamodel */;
			path = WeatherModel.xcdatamodeld;
			sourceTree = "<group>";
			versionGroupType = wrapper.xcdatamodel;
		};
/* End XCVersionGroup section */
	};
	rootObject = A67BAE11297EC46B00DCE94B /* Project object */;
}
